
Microsoft Visual Studio Solution File, Format Version 12.00
# Visual Studio Version 17
VisualStudioVersion = 17.3.32901.215
MinimumVisualStudioVersion = 10.0.40219.1
Project("{FAE04EC0-301F-11D3-BF4B-00C04F79EFBC}") = "negyedik_beadando", "negyedik_beadando\negyedik_beadando.csproj", "{CDB02B37-B15F-4BFA-87D0-D15D16AFA2BA}"
EndProject
Global
	GlobalSection(SolutionConfigurationPlatforms) = preSolution
		Debug|Any CPU = Debug|Any CPU
		Release|Any CPU = Release|Any CPU
	EndGlobalSection
	GlobalSection(ProjectConfigurationPlatforms) = postSolution
		{CDB02B37-B15F-4BFA-87D0-D15D16AFA2BA}.Debug|Any CPU.ActiveCfg = Debug|Any CPU
		{CDB02B37-B15F-4BFA-87D0-D15D16AFA2BA}.Debug|Any CPU.Build.0 = Debug|Any CPU
		{CDB02B37-B15F-4BFA-87D0-D15D16AFA2BA}.Release|Any CPU.ActiveCfg = Release|Any CPU
		{CDB02B37-B15F-4BFA-87D0-D15D16AFA2BA}.Release|Any CPU.Build.0 = Release|Any CPU
	EndGlobalSection
	GlobalSection(SolutionProperties) = preSolution
		HideSolutionNode = FALSE
	EndGlobalSection
	GlobalSection(ExtensibilityGlobals) = postSolution
		SolutionGuid = {FF1805AB-2992-409F-8025-D9AC03EFD368}
	EndGlobalSection
EndGlobal
