
Microsoft Visual Studio Solution File, Format Version 12.00
# Visual Studio Version 17
VisualStudioVersion = 17.3.32901.215
MinimumVisualStudioVersion = 10.0.40219.1
Project("{FAE04EC0-301F-11D3-BF4B-00C04F79EFBC}") = "hetedik_beadando_VaR", "hetedik_beadando_VaR\hetedik_beadando_VaR.csproj", "{8ED34B84-8F18-4637-B80C-92E9219C6A70}"
EndProject
Global
	GlobalSection(SolutionConfigurationPlatforms) = preSolution
		Debug|Any CPU = Debug|Any CPU
		Release|Any CPU = Release|Any CPU
	EndGlobalSection
	GlobalSection(ProjectConfigurationPlatforms) = postSolution
		{8ED34B84-8F18-4637-B80C-92E9219C6A70}.Debug|Any CPU.ActiveCfg = Debug|Any CPU
		{8ED34B84-8F18-4637-B80C-92E9219C6A70}.Debug|Any CPU.Build.0 = Debug|Any CPU
		{8ED34B84-8F18-4637-B80C-92E9219C6A70}.Release|Any CPU.ActiveCfg = Release|Any CPU
		{8ED34B84-8F18-4637-B80C-92E9219C6A70}.Release|Any CPU.Build.0 = Release|Any CPU
	EndGlobalSection
	GlobalSection(SolutionProperties) = preSolution
		HideSolutionNode = FALSE
	EndGlobalSection
	GlobalSection(ExtensibilityGlobals) = postSolution
		SolutionGuid = {02E9DB83-9760-4FBE-B869-9D2B05F65BD2}
	EndGlobalSection
EndGlobal
